
Microsoft Visual Studio Solution File, Format Version 12.00
# Visual Studio Version 17
VisualStudioVersion = 17.13.35825.156 d17.13
MinimumVisualStudioVersion = 10.0.40219.1
Project("{FAE04EC0-301F-11D3-BF4B-00C04F79EFBC}") = "MIMS.Api", "MIMS.Api\MIMS.Api.csproj", "{143912D5-0E57-48F4-BBE7-C7A1D6195184}"
EndProject
Project("{FAE04EC0-301F-11D3-BF4B-00C04F79EFBC}") = "MIMS.Tests", "MIMS.Tests\MIMS.Tests.csproj", "{C98A6B8E-94B8-4B15-BF48-627F7CE56070}"
EndProject
Global
	GlobalSection(SolutionConfigurationPlatforms) = preSolution
		Debug|Any CPU = Debug|Any CPU
		Release|Any CPU = Release|Any CPU
	EndGlobalSection
	GlobalSection(ProjectConfigurationPlatforms) = postSolution
		{143912D5-0E57-48F4-BBE7-C7A1D6195184}.Debug|Any CPU.ActiveCfg = Debug|Any CPU
		{143912D5-0E57-48F4-BBE7-C7A1D6195184}.Debug|Any CPU.Build.0 = Debug|Any CPU
		{143912D5-0E57-48F4-BBE7-C7A1D6195184}.Release|Any CPU.ActiveCfg = Release|Any CPU
		{143912D5-0E57-48F4-BBE7-C7A1D6195184}.Release|Any CPU.Build.0 = Release|Any CPU
		{C98A6B8E-94B8-4B15-BF48-627F7CE56070}.Debug|Any CPU.ActiveCfg = Debug|Any CPU
		{C98A6B8E-94B8-4B15-BF48-627F7CE56070}.Debug|Any CPU.Build.0 = Debug|Any CPU
		{C98A6B8E-94B8-4B15-BF48-627F7CE56070}.Release|Any CPU.ActiveCfg = Release|Any CPU
		{C98A6B8E-94B8-4B15-BF48-627F7CE56070}.Release|Any CPU.Build.0 = Release|Any CPU
	EndGlobalSection
	GlobalSection(SolutionProperties) = preSolution
		HideSolutionNode = FALSE
	EndGlobalSection
	GlobalSection(ExtensibilityGlobals) = postSolution
		SolutionGuid = {EF1E21F8-B251-4848-8057-14466607ADA0}
	EndGlobalSection
EndGlobal
